// !$*UTF8*$!
{
	archiveVersion = 1;
	classes = {
	};
	objectVersion = 56;
	objects = {

/* Begin PBXBuildFile section */
		9A3A92FF2C56B021007D1BD1 /* Font_changerApp.swift in Sources */ = {isa = PBXBuildFile; fileRef = 9A3A92FE2C56B021007D1BD1 /* Font_changerApp.swift */; };
		9A3A93012C56B021007D1BD1 /* ContentView.swift in Sources */ = {isa = PBXBuildFile; fileRef = 9A3A93002C56B021007D1BD1 /* ContentView.swift */; };
		9A3A93032C56B023007D1BD1 /* Assets.xcassets in Resources */ = {isa = PBXBuildFile; fileRef = 9A3A93022C56B023007D1BD1 /* Assets.xcassets */; };
		9A3A93062C56B023007D1BD1 /* Preview Assets.xcassets in Resources */ = {isa = PBXBuildFile; fileRef = 9A3A93052C56B023007D1BD1 /* Preview Assets.xcassets */; };
		9A9ABF662C5D14590029615D /* LICENSE.txt in Resources */ = {isa = PBXBuildFile; fileRef = 9A9ABF582C5D14590029615D /* LICENSE.txt */; };
		9A9ABF672C5D14590029615D /* Roboto-Black.ttf in Resources */ = {isa = PBXBuildFile; fileRef = 9A9ABF592C5D14590029615D /* Roboto-Black.ttf */; };
		9A9ABF682C5D14590029615D /* Roboto-BlackItalic.ttf in Resources */ = {isa = PBXBuildFile; fileRef = 9A9ABF5A2C5D14590029615D /* Roboto-BlackItalic.ttf */; };
		9A9ABF692C5D14590029615D /* Roboto-Bold.ttf in Resources */ = {isa = PBXBuildFile; fileRef = 9A9ABF5B2C5D14590029615D /* Roboto-Bold.ttf */; };
		9A9ABF6A2C5D14590029615D /* Roboto-BoldItalic.ttf in Resources */ = {isa = PBXBuildFile; fileRef = 9A9ABF5C2C5D14590029615D /* Roboto-BoldItalic.ttf */; };
		9A9ABF6B2C5D14590029615D /* Roboto-Italic.ttf in Resources */ = {isa = PBXBuildFile; fileRef = 9A9ABF5D2C5D14590029615D /* Roboto-Italic.ttf */; };
		9A9ABF6C2C5D14590029615D /* Roboto-Light.ttf in Resources */ = {isa = PBXBuildFile; fileRef = 9A9ABF5E2C5D14590029615D /* Roboto-Light.ttf */; };
		9A9ABF6D2C5D14590029615D /* Roboto-LightItalic.ttf in Resources */ = {isa = PBXBuildFile; fileRef = 9A9ABF5F2C5D14590029615D /* Roboto-LightItalic.ttf */; };
		9A9ABF6E2C5D14590029615D /* Roboto-Medium.ttf in Resources */ = {isa = PBXBuildFile; fileRef = 9A9ABF602C5D14590029615D /* Roboto-Medium.ttf */; };
		9A9ABF6F2C5D14590029615D /* Roboto-MediumItalic.ttf in Resources */ = {isa = PBXBuildFile; fileRef = 9A9ABF612C5D14590029615D /* Roboto-MediumItalic.ttf */; };
		9A9ABF702C5D14590029615D /* Roboto-Regular.ttf in Resources */ = {isa = PBXBuildFile; fileRef = 9A9ABF622C5D14590029615D /* Roboto-Regular.ttf */; };
		9A9ABF712C5D14590029615D /* Roboto-Thin.ttf in Resources */ = {isa = PBXBuildFile; fileRef = 9A9ABF632C5D14590029615D /* Roboto-Thin.ttf */; };
		9A9ABF722C5D14590029615D /* Roboto-ThinItalic.ttf in Resources */ = {isa = PBXBuildFile; fileRef = 9A9ABF642C5D14590029615D /* Roboto-ThinItalic.ttf */; };
/* End PBXBuildFile section */

/* Begin PBXFileReference section */
		9A3A92FB2C56B021007D1BD1 /* Font changer.app */ = {isa = PBXFileReference; explicitFileType = wrapper.application; includeInIndex = 0; path = "Font changer.app"; sourceTree = BUILT_PRODUCTS_DIR; };
		9A3A92FE2C56B021007D1BD1 /* Font_changerApp.swift */ = {isa = PBXFileReference; lastKnownFileType = sourcecode.swift; path = Font_changerApp.swift; sourceTree = "<group>"; };
		9A3A93002C56B021007D1BD1 /* ContentView.swift */ = {isa = PBXFileReference; lastKnownFileType = sourcecode.swift; path = ContentView.swift; sourceTree = "<group>"; };
		9A3A93022C56B023007D1BD1 /* Assets.xcassets */ = {isa = PBXFileReference; lastKnownFileType = folder.assetcatalog; path = Assets.xcassets; sourceTree = "<group>"; };
		9A3A93052C56B023007D1BD1 /* Preview Assets.xcassets */ = {isa = PBXFileReference; lastKnownFileType = folder.assetcatalog; path = "Preview Assets.xcassets"; sourceTree = "<group>"; };
		9A9ABF572C5D13DE0029615D /* Font-changer-Info.plist */ = {isa = PBXFileReference; lastKnownFileType = text.plist; path = "Font-changer-Info.plist"; sourceTree = SOURCE_ROOT; };
		9A9ABF582C5D14590029615D /* LICENSE.txt */ = {isa = PBXFileReference; fileEncoding = 4; lastKnownFileType = text; path = LICENSE.txt; sourceTree = "<group>"; };
		9A9ABF592C5D14590029615D /* Roboto-Black.ttf */ = {isa = PBXFileReference; lastKnownFileType = file; path = "Roboto-Black.ttf"; sourceTree = "<group>"; };
		9A9ABF5A2C5D14590029615D /* Roboto-BlackItalic.ttf */ = {isa = PBXFileReference; lastKnownFileType = file; path = "Roboto-BlackItalic.ttf"; sourceTree = "<group>"; };
		9A9ABF5B2C5D14590029615D /* Roboto-Bold.ttf */ = {isa = PBXFileReference; lastKnownFileType = file; path = "Roboto-Bold.ttf"; sourceTree = "<group>"; };
		9A9ABF5C2C5D14590029615D /* Roboto-BoldItalic.ttf */ = {isa = PBXFileReference; lastKnownFileType = file; path = "Roboto-BoldItalic.ttf"; sourceTree = "<group>"; };
		9A9ABF5D2C5D14590029615D /* Roboto-Italic.ttf */ = {isa = PBXFileReference; lastKnownFileType = file; path = "Roboto-Italic.ttf"; sourceTree = "<group>"; };
		9A9ABF5E2C5D14590029615D /* Roboto-Light.ttf */ = {isa = PBXFileReference; lastKnownFileType = file; path = "Roboto-Light.ttf"; sourceTree = "<group>"; };
		9A9ABF5F2C5D14590029615D /* Roboto-LightItalic.ttf */ = {isa = PBXFileReference; lastKnownFileType = file; path = "Roboto-LightItalic.ttf"; sourceTree = "<group>"; };
		9A9ABF602C5D14590029615D /* Roboto-Medium.ttf */ = {isa = PBXFileReference; lastKnownFileType = file; path = "Roboto-Medium.ttf"; sourceTree = "<group>"; };
		9A9ABF612C5D14590029615D /* Roboto-MediumItalic.ttf */ = {isa = PBXFileReference; lastKnownFileType = file; path = "Roboto-MediumItalic.ttf"; sourceTree = "<group>"; };
		9A9ABF622C5D14590029615D /* Roboto-Regular.ttf */ = {isa = PBXFileReference; lastKnownFileType = file; path = "Roboto-Regular.ttf"; sourceTree = "<group>"; };
		9A9ABF632C5D14590029615D /* Roboto-Thin.ttf */ = {isa = PBXFileReference; lastKnownFileType = file; path = "Roboto-Thin.ttf"; sourceTree = "<group>"; };
		9A9ABF642C5D14590029615D /* Roboto-ThinItalic.ttf */ = {isa = PBXFileReference; lastKnownFileType = file; path = "Roboto-ThinItalic.ttf"; sourceTree = "<group>"; };
/* End PBXFileReference section */

/* Begin PBXFrameworksBuildPhase section */
		9A3A92F82C56B021007D1BD1 /* Frameworks */ = {
			isa = PBXFrameworksBuildPhase;
			buildActionMask = 2147483647;
			files = (
			);
			runOnlyForDeploymentPostprocessing = 0;
		};
/* End PBXFrameworksBuildPhase section */

/* Begin PBXGroup section */
		9A3A92F22C56B021007D1BD1 = {
			isa = PBXGroup;
			children = (
				9A3A92FD2C56B021007D1BD1 /* Font changer */,
				9A3A92FC2C56B021007D1BD1 /* Products */,
			);
			sourceTree = "<group>";
		};
		9A3A92FC2C56B021007D1BD1 /* Products */ = {
			isa = PBXGroup;
			children = (
				9A3A92FB2C56B021007D1BD1 /* Font changer.app */,
			);
			name = Products;
			sourceTree = "<group>";
		};
		9A3A92FD2C56B021007D1BD1 /* Font changer */ = {
			isa = PBXGroup;
			children = (
				9A9ABF652C5D14590029615D /* Roboto */,
				9A9ABF572C5D13DE0029615D /* Font-changer-Info.plist */,
				9A3A92FE2C56B021007D1BD1 /* Font_changerApp.swift */,
				9A3A93002C56B021007D1BD1 /* ContentView.swift */,
				9A3A93022C56B023007D1BD1 /* Assets.xcassets */,
				9A3A93042C56B023007D1BD1 /* Preview Content */,
			);
			path = "Font changer";
			sourceTree = "<group>";
		};
		9A3A93042C56B023007D1BD1 /* Preview Content */ = {
			isa = PBXGroup;
			children = (
				9A3A93052C56B023007D1BD1 /* Preview Assets.xcassets */,
			);
			path = "Preview Content";
			sourceTree = "<group>";
		};
		9A9ABF652C5D14590029615D /* Roboto */ = {
			isa = PBXGroup;
			children = (
				9A9ABF582C5D14590029615D /* LICENSE.txt */,
				9A9ABF592C5D14590029615D /* Roboto-Black.ttf */,
				9A9ABF5A2C5D14590029615D /* Roboto-BlackItalic.ttf */,
				9A9ABF5B2C5D14590029615D /* Roboto-Bold.ttf */,
				9A9ABF5C2C5D14590029615D /* Roboto-BoldItalic.ttf */,
				9A9ABF5D2C5D14590029615D /* Roboto-Italic.ttf */,
				9A9ABF5E2C5D14590029615D /* Roboto-Light.ttf */,
				9A9ABF5F2C5D14590029615D /* Roboto-LightItalic.ttf */,
				9A9ABF602C5D14590029615D /* Roboto-Medium.ttf */,
				9A9ABF612C5D14590029615D /* Roboto-MediumItalic.ttf */,
				9A9ABF622C5D14590029615D /* Roboto-Regular.ttf */,
				9A9ABF632C5D14590029615D /* Roboto-Thin.ttf */,
				9A9ABF642C5D14590029615D /* Roboto-ThinItalic.ttf */,
			);
			name = Roboto;
			path = ../../../Downloads/Roboto;
			sourceTree = "<group>";
		};
/* End PBXGroup section */

/* Begin PBXNativeTarget section */
		9A3A92FA2C56B021007D1BD1 /* Font changer */ = {
			isa = PBXNativeTarget;
			buildConfigurationList = 9A3A93092C56B023007D1BD1 /* Build configuration list for PBXNativeTarget "Font changer" */;
			buildPhases = (
				9A3A92F72C56B021007D1BD1 /* Sources */,
				9A3A92F82C56B021007D1BD1 /* Frameworks */,
				9A3A92F92C56B021007D1BD1 /* Resources */,
			);
			buildRules = (
			);
			dependencies = (
			);
			name = "Font changer";
			productName = "Font changer";
			productReference = 9A3A92FB2C56B021007D1BD1 /* Font changer.app */;
			productType = "com.apple.product-type.application";
		};
/* End PBXNativeTarget section */

/* Begin PBXProject section */
		9A3A92F32C56B021007D1BD1 /* Project object */ = {
			isa = PBXProject;
			attributes = {
				BuildIndependentTargetsInParallel = 1;
				LastSwiftUpdateCheck = 1540;
				LastUpgradeCheck = 1540;
				TargetAttributes = {
					9A3A92FA2C56B021007D1BD1 = {
						CreatedOnToolsVersion = 15.4;
					};
				};
			};
			buildConfigurationList = 9A3A92F62C56B021007D1BD1 /* Build configuration list for PBXProject "Font changer" */;
			compatibilityVersion = "Xcode 14.0";
			developmentRegion = en;
			hasScannedForEncodings = 0;
			knownRegions = (
				en,
				Base,
			);
			mainGroup = 9A3A92F22C56B021007D1BD1;
			productRefGroup = 9A3A92FC2C56B021007D1BD1 /* Products */;
			projectDirPath = "";
			projectRoot = "";
			targets = (
				9A3A92FA2C56B021007D1BD1 /* Font changer */,
			);
		};
/* End PBXProject section */

/* Begin PBXResourcesBuildPhase section */
		9A3A92F92C56B021007D1BD1 /* Resources */ = {
			isa = PBXResourcesBuildPhase;
			buildActionMask = 2147483647;
			files = (
				9A9ABF722C5D14590029615D /* Roboto-ThinItalic.ttf in Resources */,
				9A9ABF712C5D14590029615D /* Roboto-Thin.ttf in Resources */,
				9A9ABF662C5D14590029615D /* LICENSE.txt in Resources */,
				9A3A93062C56B023007D1BD1 /* Preview Assets.xcassets in Resources */,
				9A9ABF6D2C5D14590029615D /* Roboto-LightItalic.ttf in Resources */,
				9A9ABF692C5D14590029615D /* Roboto-Bold.ttf in Resources */,
				9A9ABF6F2C5D14590029615D /* Roboto-MediumItalic.ttf in Resources */,
				9A9ABF682C5D14590029615D /* Roboto-BlackItalic.ttf in Resources */,
				9A3A93032C56B023007D1BD1 /* Assets.xcassets in Resources */,
				9A9ABF6B2C5D14590029615D /* Roboto-Italic.ttf in Resources */,
				9A9ABF6A2C5D14590029615D /* Roboto-BoldItalic.ttf in Resources */,
				9A9ABF6E2C5D14590029615D /* Roboto-Medium.ttf in Resources */,
				9A9ABF702C5D14590029615D /* Roboto-Regular.ttf in Resources */,
				9A9ABF672C5D14590029615D /* Roboto-Black.ttf in Resources */,
				9A9ABF6C2C5D14590029615D /* Roboto-Light.ttf in Resources */,
			);
			runOnlyForDeploymentPostprocessing = 0;
		};
/* End PBXResourcesBuildPhase section */

/* Begin PBXSourcesBuildPhase section */
		9A3A92F72C56B021007D1BD1 /* Sources */ = {
			isa = PBXSourcesBuildPhase;
			buildActionMask = 2147483647;
			files = (
				9A3A93012C56B021007D1BD1 /* ContentView.swift in Sources */,
				9A3A92FF2C56B021007D1BD1 /* Font_changerApp.swift in Sources */,
			);
			runOnlyForDeploymentPostprocessing = 0;
		};
/* End PBXSourcesBuildPhase section */

/* Begin XCBuildConfiguration section */
		9A3A93072C56B023007D1BD1 /* Debug */ = {
			isa = XCBuildConfiguration;
			buildSettings = {
				ALWAYS_SEARCH_USER_PATHS = NO;
				ASSETCATALOG_COMPILER_GENERATE_SWIFT_ASSET_SYMBOL_EXTENSIONS = YES;
				CLANG_ANALYZER_NONNULL = YES;
				CLANG_ANALYZER_NUMBER_OBJECT_CONVERSION = YES_AGGRESSIVE;
				CLANG_CXX_LANGUAGE_STANDARD = "gnu++20";
				CLANG_ENABLE_MODULES = YES;
				CLANG_ENABLE_OBJC_ARC = YES;
				CLANG_ENABLE_OBJC_WEAK = YES;
				CLANG_WARN_BLOCK_CAPTURE_AUTORELEASING = YES;
				CLANG_WARN_BOOL_CONVERSION = YES;
				CLANG_WARN_COMMA = YES;
				CLANG_WARN_CONSTANT_CONVERSION = YES;
				CLANG_WARN_DEPRECATED_OBJC_IMPLEMENTATIONS = YES;
				CLANG_WARN_DIRECT_OBJC_ISA_USAGE = YES_ERROR;
				CLANG_WARN_DOCUMENTATION_COMMENTS = YES;
				CLANG_WARN_EMPTY_BODY = YES;
				CLANG_WARN_ENUM_CONVERSION = YES;
				CLANG_WARN_INFINITE_RECURSION = YES;
				CLANG_WARN_INT_CONVERSION = YES;
				CLANG_WARN_NON_LITERAL_NULL_CONVERSION = YES;
				CLANG_WARN_OBJC_IMPLICIT_RETAIN_SELF = YES;
				CLANG_WARN_OBJC_LITERAL_CONVERSION = YES;
				CLANG_WARN_OBJC_ROOT_CLASS = YES_ERROR;
				CLANG_WARN_QUOTED_INCLUDE_IN_FRAMEWORK_HEADER = YES;
				CLANG_WARN_RANGE_LOOP_ANALYSIS = YES;
				CLANG_WARN_STRICT_PROTOTYPES = YES;
				CLANG_WARN_SUSPICIOUS_MOVE = YES;
				CLANG_WARN_UNGUARDED_AVAILABILITY = YES_AGGRESSIVE;
				CLANG_WARN_UNREACHABLE_CODE = YES;
				CLANG_WARN__DUPLICATE_METHOD_MATCH = YES;
				COPY_PHASE_STRIP = NO;
				DEBUG_INFORMATION_FORMAT = dwarf;
				ENABLE_STRICT_OBJC_MSGSEND = YES;
				ENABLE_TESTABILITY = YES;
				ENABLE_USER_SCRIPT_SANDBOXING = YES;
				GCC_C_LANGUAGE_STANDARD = gnu17;
				GCC_DYNAMIC_NO_PIC = NO;
				GCC_NO_COMMON_BLOCKS = YES;
				GCC_OPTIMIZATION_LEVEL = 0;
				GCC_PREPROCESSOR_DEFINITIONS = (
					"DEBUG=1",
					"$(inherited)",
				);
				GCC_WARN_64_TO_32_BIT_CONVERSION = YES;
				GCC_WARN_ABOUT_RETURN_TYPE = YES_ERROR;
				GCC_WARN_UNDECLARED_SELECTOR = YES;
				GCC_WARN_UNINITIALIZED_AUTOS = YES_AGGRESSIVE;
				GCC_WARN_UNUSED_FUNCTION = YES;
				GCC_WARN_UNUSED_VARIABLE = YES;
				IPHONEOS_DEPLOYMENT_TARGET = 17.5;
				LOCALIZATION_PREFERS_STRING_CATALOGS = YES;
				MTL_ENABLE_DEBUG_INFO = INCLUDE_SOURCE;
				MTL_FAST_MATH = YES;
				ONLY_ACTIVE_ARCH = YES;
				SDKROOT = iphoneos;
				SWIFT_ACTIVE_COMPILATION_CONDITIONS = "DEBUG $(inherited)";
				SWIFT_OPTIMIZATION_LEVEL = "-Onone";
			};
			name = Debug;
		};
		9A3A93082C56B023007D1BD1 /* Release */ = {
			isa = XCBuildConfiguration;
			buildSettings = {
				ALWAYS_SEARCH_USER_PATHS = NO;
				ASSETCATALOG_COMPILER_GENERATE_SWIFT_ASSET_SYMBOL_EXTENSIONS = YES;
				CLANG_ANALYZER_NONNULL = YES;
				CLANG_ANALYZER_NUMBER_OBJECT_CONVERSION = YES_AGGRESSIVE;
				CLANG_CXX_LANGUAGE_STANDARD = "gnu++20";
				CLANG_ENABLE_MODULES = YES;
				CLANG_ENABLE_OBJC_ARC = YES;
				CLANG_ENABLE_OBJC_WEAK = YES;
				CLANG_WARN_BLOCK_CAPTURE_AUTORELEASING = YES;
				CLANG_WARN_BOOL_CONVERSION = YES;
				CLANG_WARN_COMMA = YES;
				CLANG_WARN_CONSTANT_CONVERSION = YES;
				CLANG_WARN_DEPRECATED_OBJC_IMPLEMENTATIONS = YES;
				CLANG_WARN_DIRECT_OBJC_ISA_USAGE = YES_ERROR;
				CLANG_WARN_DOCUMENTATION_COMMENTS = YES;
				CLANG_WARN_EMPTY_BODY = YES;
				CLANG_WARN_ENUM_CONVERSION = YES;
				CLANG_WARN_INFINITE_RECURSION = YES;
				CLANG_WARN_INT_CONVERSION = YES;
				CLANG_WARN_NON_LITERAL_NULL_CONVERSION = YES;
				CLANG_WARN_OBJC_IMPLICIT_RETAIN_SELF = YES;
				CLANG_WARN_OBJC_LITERAL_CONVERSION = YES;
				CLANG_WARN_OBJC_ROOT_CLASS = YES_ERROR;
				CLANG_WARN_QUOTED_INCLUDE_IN_FRAMEWORK_HEADER = YES;
				CLANG_WARN_RANGE_LOOP_ANALYSIS = YES;
				CLANG_WARN_STRICT_PROTOTYPES = YES;
				CLANG_WARN_SUSPICIOUS_MOVE = YES;
				CLANG_WARN_UNGUARDED_AVAILABILITY = YES_AGGRESSIVE;
				CLANG_WARN_UNREACHABLE_CODE = YES;
				CLANG_WARN__DUPLICATE_METHOD_MATCH = YES;
				COPY_PHASE_STRIP = NO;
				DEBUG_INFORMATION_FORMAT = "dwarf-with-dsym";
				ENABLE_NS_ASSERTIONS = NO;
				ENABLE_STRICT_OBJC_MSGSEND = YES;
				ENABLE_USER_SCRIPT_SANDBOXING = YES;
				GCC_C_LANGUAGE_STANDARD = gnu17;
				GCC_NO_COMMON_BLOCKS = YES;
				GCC_WARN_64_TO_32_BIT_CONVERSION = YES;
				GCC_WARN_ABOUT_RETURN_TYPE = YES_ERROR;
				GCC_WARN_UNDECLARED_SELECTOR = YES;
				GCC_WARN_UNINITIALIZED_AUTOS = YES_AGGRESSIVE;
				GCC_WARN_UNUSED_FUNCTION = YES;
				GCC_WARN_UNUSED_VARIABLE = YES;
				IPHONEOS_DEPLOYMENT_TARGET = 17.5;
				LOCALIZATION_PREFERS_STRING_CATALOGS = YES;
				MTL_ENABLE_DEBUG_INFO = NO;
				MTL_FAST_MATH = YES;
				SDKROOT = iphoneos;
				SWIFT_COMPILATION_MODE = wholemodule;
				VALIDATE_PRODUCT = YES;
			};
			name = Release;
		};
		9A3A930A2C56B023007D1BD1 /* Debug */ = {
			isa = XCBuildConfiguration;
			buildSettings = {
				ASSETCATALOG_COMPILER_APPICON_NAME = AppIcon;
				ASSETCATALOG_COMPILER_GLOBAL_ACCENT_COLOR_NAME = AccentColor;
				CODE_SIGN_STYLE = Automatic;
				CURRENT_PROJECT_VERSION = 1;
				DEVELOPMENT_ASSET_PATHS = "\"Font changer/Preview Content\"";
				DEVELOPMENT_TEAM = M233Y22CJD;
				ENABLE_PREVIEWS = YES;
				GENERATE_INFOPLIST_FILE = YES;
				INFOPLIST_FILE = "Font-changer-Info.plist";
				INFOPLIST_KEY_UIApplicationSceneManifest_Generation = YES;
				INFOPLIST_KEY_UIApplicationSupportsIndirectInputEvents = YES;
				INFOPLIST_KEY_UILaunchScreen_Generation = YES;
				INFOPLIST_KEY_UISupportedInterfaceOrientations_iPad = "UIInterfaceOrientationPortrait UIInterfaceOrientationPortraitUpsideDown UIInterfaceOrientationLandscapeLeft UIInterfaceOrientationLandscapeRight";
				INFOPLIST_KEY_UISupportedInterfaceOrientations_iPhone = "UIInterfaceOrientationPortrait UIInterfaceOrientationLandscapeLeft UIInterfaceOrientationLandscapeRight";
				LD_RUNPATH_SEARCH_PATHS = (
					"$(inherited)",
					"@executable_path/Frameworks",
				);
				MARKETING_VERSION = 1.0;
				PRODUCT_BUNDLE_IDENTIFIER = "com.wahidtariq.Font-changer";
				PRODUCT_NAME = "$(TARGET_NAME)";
				SWIFT_EMIT_LOC_STRINGS = YES;
				SWIFT_VERSION = 5.0;
				TARGETED_DEVICE_FAMILY = "1,2";
			};
			name = Debug;
		};
		9A3A930B2C56B023007D1BD1 /* Release */ = {
			isa = XCBuildConfiguration;
			buildSettings = {
				ASSETCATALOG_COMPILER_APPICON_NAME = AppIcon;
				ASSETCATALOG_COMPILER_GLOBAL_ACCENT_COLOR_NAME = AccentColor;
				CODE_SIGN_STYLE = Automatic;
				CURRENT_PROJECT_VERSION = 1;
				DEVELOPMENT_ASSET_PATHS = "\"Font changer/Preview Content\"";
				DEVELOPMENT_TEAM = M233Y22CJD;
				ENABLE_PREVIEWS = YES;
				GENERATE_INFOPLIST_FILE = YES;
				INFOPLIST_FILE = "Font-changer-Info.plist";
				INFOPLIST_KEY_UIApplicationSceneManifest_Generation = YES;
				INFOPLIST_KEY_UIApplicationSupportsIndirectInputEvents = YES;
				INFOPLIST_KEY_UILaunchScreen_Generation = YES;
				INFOPLIST_KEY_UISupportedInterfaceOrientations_iPad = "UIInterfaceOrientationPortrait UIInterfaceOrientationPortraitUpsideDown UIInterfaceOrientationLandscapeLeft UIInterfaceOrientationLandscapeRight";
				INFOPLIST_KEY_UISupportedInterfaceOrientations_iPhone = "UIInterfaceOrientationPortrait UIInterfaceOrientationLandscapeLeft UIInterfaceOrientationLandscapeRight";
				LD_RUNPATH_SEARCH_PATHS = (
					"$(inherited)",
					"@executable_path/Frameworks",
				);
				MARKETING_VERSION = 1.0;
				PRODUCT_BUNDLE_IDENTIFIER = "com.wahidtariq.Font-changer";
				PRODUCT_NAME = "$(TARGET_NAME)";
				SWIFT_EMIT_LOC_STRINGS = YES;
				SWIFT_VERSION = 5.0;
				TARGETED_DEVICE_FAMILY = "1,2";
			};
			name = Release;
		};
/* End XCBuildConfiguration section */

/* Begin XCConfigurationList section */
		9A3A92F62C56B021007D1BD1 /* Build configuration list for PBXProject "Font changer" */ = {
			isa = XCConfigurationList;
			buildConfigurations = (
				9A3A93072C56B023007D1BD1 /* Debug */,
				9A3A93082C56B023007D1BD1 /* Release */,
			);
			defaultConfigurationIsVisible = 0;
			defaultConfigurationName = Release;
		};
		9A3A93092C56B023007D1BD1 /* Build configuration list for PBXNativeTarget "Font changer" */ = {
			isa = XCConfigurationList;
			buildConfigurations = (
				9A3A930A2C56B023007D1BD1 /* Debug */,
				9A3A930B2C56B023007D1BD1 /* Release */,
			);
			defaultConfigurationIsVisible = 0;
			defaultConfigurationName = Release;
		};
/* End XCConfigurationList section */
	};
	rootObject = 9A3A92F32C56B021007D1BD1 /* Project object */;
}
